
Microsoft Visual Studio Solution File, Format Version 12.00
# Visual Studio Version 17
VisualStudioVersion = 17.0.32126.317
MinimumVisualStudioVersion = 10.0.40219.1
Project("{FAE04EC0-301F-11D3-BF4B-00C04F79EFBC}") = "AdventOfCodeDayOne", "AdventOfCodeDayOne.csproj", "{30A9F35C-138F-47D4-A04B-1AAACD26CC6D}"
EndProject
Global
	GlobalSection(SolutionConfigurationPlatforms) = preSolution
		Debug|Any CPU = Debug|Any CPU
		Release|Any CPU = Release|Any CPU
	EndGlobalSection
	GlobalSection(ProjectConfigurationPlatforms) = postSolution
		{30A9F35C-138F-47D4-A04B-1AAACD26CC6D}.Debug|Any CPU.ActiveCfg = Debug|Any CPU
		{30A9F35C-138F-47D4-A04B-1AAACD26CC6D}.Debug|Any CPU.Build.0 = Debug|Any CPU
		{30A9F35C-138F-47D4-A04B-1AAACD26CC6D}.Release|Any CPU.ActiveCfg = Release|Any CPU
		{30A9F35C-138F-47D4-A04B-1AAACD26CC6D}.Release|Any CPU.Build.0 = Release|Any CPU
	EndGlobalSection
	GlobalSection(SolutionProperties) = preSolution
		HideSolutionNode = FALSE
	EndGlobalSection
	GlobalSection(ExtensibilityGlobals) = postSolution
		SolutionGuid = {730F4C45-F135-4F25-8962-522A5D540696}
	EndGlobalSection
EndGlobal
